
Microsoft Visual Studio Solution File, Format Version 12.00
# Visual Studio Version 16
VisualStudioVersion = 16.0.32002.261
MinimumVisualStudioVersion = 10.0.40219.1
Project("{FAE04EC0-301F-11D3-BF4B-00C04F79EFBC}") = "Dapper_BDSQL", "Dapper_BDSQL\Dapper_BDSQL.csproj", "{93B2C473-684C-4625-8FBD-CE3A2041866B}"
EndProject
Global
	GlobalSection(SolutionConfigurationPlatforms) = preSolution
		Debug|Any CPU = Debug|Any CPU
		Release|Any CPU = Release|Any CPU
	EndGlobalSection
	GlobalSection(ProjectConfigurationPlatforms) = postSolution
		{93B2C473-684C-4625-8FBD-CE3A2041866B}.Debug|Any CPU.ActiveCfg = Debug|Any CPU
		{93B2C473-684C-4625-8FBD-CE3A2041866B}.Debug|Any CPU.Build.0 = Debug|Any CPU
		{93B2C473-684C-4625-8FBD-CE3A2041866B}.Release|Any CPU.ActiveCfg = Release|Any CPU
		{93B2C473-684C-4625-8FBD-CE3A2041866B}.Release|Any CPU.Build.0 = Release|Any CPU
	EndGlobalSection
	GlobalSection(SolutionProperties) = preSolution
		HideSolutionNode = FALSE
	EndGlobalSection
	GlobalSection(ExtensibilityGlobals) = postSolution
		SolutionGuid = {55146787-D677-4566-AB7D-1D625DE8F8C5}
	EndGlobalSection
EndGlobal
